
Microsoft Visual Studio Solution File, Format Version 12.00
# Visual Studio Version 16
VisualStudioVersion = 16.0.28917.181
MinimumVisualStudioVersion = 10.0.40219.1
Project("{FAE04EC0-301F-11D3-BF4B-00C04F79EFBC}") = "TiebaLib", "TiebaLib\TiebaLib.csproj", "{312B1BE7-9CC2-4AA8-9556-C125300E9BCE}"
EndProject
Global
	GlobalSection(SolutionConfigurationPlatforms) = preSolution
		Debug|Any CPU = Debug|Any CPU
		Release|Any CPU = Release|Any CPU
	EndGlobalSection
	GlobalSection(ProjectConfigurationPlatforms) = postSolution
		{312B1BE7-9CC2-4AA8-9556-C125300E9BCE}.Debug|Any CPU.ActiveCfg = Debug|Any CPU
		{312B1BE7-9CC2-4AA8-9556-C125300E9BCE}.Debug|Any CPU.Build.0 = Debug|Any CPU
		{312B1BE7-9CC2-4AA8-9556-C125300E9BCE}.Release|Any CPU.ActiveCfg = Release|Any CPU
		{312B1BE7-9CC2-4AA8-9556-C125300E9BCE}.Release|Any CPU.Build.0 = Release|Any CPU
	EndGlobalSection
	GlobalSection(SolutionProperties) = preSolution
		HideSolutionNode = FALSE
	EndGlobalSection
	GlobalSection(ExtensibilityGlobals) = postSolution
		SolutionGuid = {3E2022A0-DCA5-4B17-A990-64520D5FB4E0}
	EndGlobalSection
EndGlobal
